// !$*UTF8*$!
{
	archiveVersion = 1;
	classes = {
	};
	objectVersion = 46;
	objects = {

/* Begin PBXBuildFile section */
		4076387F18DC4736002996DE /* Foundation.framework in Frameworks */ = {isa = PBXBuildFile; fileRef = 4076387E18DC4736002996DE /* Foundation.framework */; };
		4076388118DC4736002996DE /* CoreGraphics.framework in Frameworks */ = {isa = PBXBuildFile; fileRef = 4076388018DC4736002996DE /* CoreGraphics.framework */; };
		4076388318DC4736002996DE /* UIKit.framework in Frameworks */ = {isa = PBXBuildFile; fileRef = 4076388218DC4736002996DE /* UIKit.framework */; };
		4076388918DC4736002996DE /* InfoPlist.strings in Resources */ = {isa = PBXBuildFile; fileRef = 4076388718DC4736002996DE /* InfoPlist.strings */; };
		4076388B18DC4736002996DE /* main.m in Sources */ = {isa = PBXBuildFile; fileRef = 4076388A18DC4736002996DE /* main.m */; };
		4076388F18DC4736002996DE /* JLAppDelegate.m in Sources */ = {isa = PBXBuildFile; fileRef = 4076388E18DC4736002996DE /* JLAppDelegate.m */; };
		4076389118DC4736002996DE /* Images.xcassets in Resources */ = {isa = PBXBuildFile; fileRef = 4076389018DC4736002996DE /* Images.xcassets */; };
		4076389818DC4736002996DE /* XCTest.framework in Frameworks */ = {isa = PBXBuildFile; fileRef = 4076389718DC4736002996DE /* XCTest.framework */; };
		4076389918DC4736002996DE /* Foundation.framework in Frameworks */ = {isa = PBXBuildFile; fileRef = 4076387E18DC4736002996DE /* Foundation.framework */; };
		4076389A18DC4736002996DE /* UIKit.framework in Frameworks */ = {isa = PBXBuildFile; fileRef = 4076388218DC4736002996DE /* UIKit.framework */; };
		407638A218DC4736002996DE /* InfoPlist.strings in Resources */ = {isa = PBXBuildFile; fileRef = 407638A018DC4736002996DE /* InfoPlist.strings */; };
		407638A418DC4736002996DE /* JLWeicoTests.m in Sources */ = {isa = PBXBuildFile; fileRef = 407638A318DC4736002996DE /* JLWeicoTests.m */; };
/* End PBXBuildFile section */

/* Begin PBXContainerItemProxy section */
		4076389B18DC4736002996DE /* PBXContainerItemProxy */ = {
			isa = PBXContainerItemProxy;
			containerPortal = 4076387318DC4736002996DE /* Project object */;
			proxyType = 1;
			remoteGlobalIDString = 4076387A18DC4736002996DE;
			remoteInfo = JLWeico;
		};
/* End PBXContainerItemProxy section */

/* Begin PBXFileReference section */
		4076387B18DC4736002996DE /* JLWeico.app */ = {isa = PBXFileReference; explicitFileType = wrapper.application; includeInIndex = 0; path = JLWeico.app; sourceTree = BUILT_PRODUCTS_DIR; };
		4076387E18DC4736002996DE /* Foundation.framework */ = {isa = PBXFileReference; lastKnownFileType = wrapper.framework; name = Foundation.framework; path = System/Library/Frameworks/Foundation.framework; sourceTree = SDKROOT; };
		4076388018DC4736002996DE /* CoreGraphics.framework */ = {isa = PBXFileReference; lastKnownFileType = wrapper.framework; name = CoreGraphics.framework; path = System/Library/Frameworks/CoreGraphics.framework; sourceTree = SDKROOT; };
		4076388218DC4736002996DE /* UIKit.framework */ = {isa = PBXFileReference; lastKnownFileType = wrapper.framework; name = UIKit.framework; path = System/Library/Frameworks/UIKit.framework; sourceTree = SDKROOT; };
		4076388618DC4736002996DE /* JLWeico-Info.plist */ = {isa = PBXFileReference; lastKnownFileType = text.plist.xml; path = "JLWeico-Info.plist"; sourceTree = "<group>"; };
		4076388818DC4736002996DE /* en */ = {isa = PBXFileReference; lastKnownFileType = text.plist.strings; name = en; path = en.lproj/InfoPlist.strings; sourceTree = "<group>"; };
		4076388A18DC4736002996DE /* main.m */ = {isa = PBXFileReference; lastKnownFileType = sourcecode.c.objc; path = main.m; sourceTree = "<group>"; };
		4076388C18DC4736002996DE /* JLWeico-Prefix.pch */ = {isa = PBXFileReference; lastKnownFileType = sourcecode.c.h; path = "JLWeico-Prefix.pch"; sourceTree = "<group>"; };
		4076388D18DC4736002996DE /* JLAppDelegate.h */ = {isa = PBXFileReference; lastKnownFileType = sourcecode.c.h; path = JLAppDelegate.h; sourceTree = "<group>"; };
		4076388E18DC4736002996DE /* JLAppDelegate.m */ = {isa = PBXFileReference; lastKnownFileType = sourcecode.c.objc; path = JLAppDelegate.m; sourceTree = "<group>"; };
		4076389018DC4736002996DE /* Images.xcassets */ = {isa = PBXFileReference; lastKnownFileType = folder.assetcatalog; path = Images.xcassets; sourceTree = "<group>"; };
		4076389618DC4736002996DE /* JLWeicoTests.xctest */ = {isa = PBXFileReference; explicitFileType = wrapper.cfbundle; includeInIndex = 0; path = JLWeicoTests.xctest; sourceTree = BUILT_PRODUCTS_DIR; };
		4076389718DC4736002996DE /* XCTest.framework */ = {isa = PBXFileReference; lastKnownFileType = wrapper.framework; name = XCTest.framework; path = Library/Frameworks/XCTest.framework; sourceTree = DEVELOPER_DIR; };
		4076389F18DC4736002996DE /* JLWeicoTests-Info.plist */ = {isa = PBXFileReference; lastKnownFileType = text.plist.xml; path = "JLWeicoTests-Info.plist"; sourceTree = "<group>"; };
		407638A118DC4736002996DE /* en */ = {isa = PBXFileReference; lastKnownFileType = text.plist.strings; name = en; path = en.lproj/InfoPlist.strings; sourceTree = "<group>"; };
		407638A318DC4736002996DE /* JLWeicoTests.m */ = {isa = PBXFileReference; lastKnownFileType = sourcecode.c.objc; path = JLWeicoTests.m; sourceTree = "<group>"; };
/* End PBXFileReference section */

/* Begin PBXFrameworksBuildPhase section */
		4076387818DC4736002996DE /* Frameworks */ = {
			isa = PBXFrameworksBuildPhase;
			buildActionMask = 2147483647;
			files = (
				4076388118DC4736002996DE /* CoreGraphics.framework in Frameworks */,
				4076388318DC4736002996DE /* UIKit.framework in Frameworks */,
				4076387F18DC4736002996DE /* Foundation.framework in Frameworks */,
			);
			runOnlyForDeploymentPostprocessing = 0;
		};
		4076389318DC4736002996DE /* Frameworks */ = {
			isa = PBXFrameworksBuildPhase;
			buildActionMask = 2147483647;
			files = (
				4076389818DC4736002996DE /* XCTest.framework in Frameworks */,
				4076389A18DC4736002996DE /* UIKit.framework in Frameworks */,
				4076389918DC4736002996DE /* Foundation.framework in Frameworks */,
			);
			runOnlyForDeploymentPostprocessing = 0;
		};
/* End PBXFrameworksBuildPhase section */

/* Begin PBXGroup section */
		4076387218DC4736002996DE = {
			isa = PBXGroup;
			children = (
				4076388418DC4736002996DE /* JLWeico */,
				4076389D18DC4736002996DE /* JLWeicoTests */,
				4076387D18DC4736002996DE /* Frameworks */,
				4076387C18DC4736002996DE /* Products */,
			);
			sourceTree = "<group>";
		};
		4076387C18DC4736002996DE /* Products */ = {
			isa = PBXGroup;
			children = (
				4076387B18DC4736002996DE /* JLWeico.app */,
				4076389618DC4736002996DE /* JLWeicoTests.xctest */,
			);
			name = Products;
			sourceTree = "<group>";
		};
		4076387D18DC4736002996DE /* Frameworks */ = {
			isa = PBXGroup;
			children = (
				4076387E18DC4736002996DE /* Foundation.framework */,
				4076388018DC4736002996DE /* CoreGraphics.framework */,
				4076388218DC4736002996DE /* UIKit.framework */,
				4076389718DC4736002996DE /* XCTest.framework */,
			);
			name = Frameworks;
			sourceTree = "<group>";
		};
		4076388418DC4736002996DE /* JLWeico */ = {
			isa = PBXGroup;
			children = (
				4076388D18DC4736002996DE /* JLAppDelegate.h */,
				4076388E18DC4736002996DE /* JLAppDelegate.m */,
				4076389018DC4736002996DE /* Images.xcassets */,
				4076388518DC4736002996DE /* Supporting Files */,
			);
			path = JLWeico;
			sourceTree = "<group>";
		};
		4076388518DC4736002996DE /* Supporting Files */ = {
			isa = PBXGroup;
			children = (
				4076388618DC4736002996DE /* JLWeico-Info.plist */,
				4076388718DC4736002996DE /* InfoPlist.strings */,
				4076388A18DC4736002996DE /* main.m */,
				4076388C18DC4736002996DE /* JLWeico-Prefix.pch */,
			);
			name = "Supporting Files";
			sourceTree = "<group>";
		};
		4076389D18DC4736002996DE /* JLWeicoTests */ = {
			isa = PBXGroup;
			children = (
				407638A318DC4736002996DE /* JLWeicoTests.m */,
				4076389E18DC4736002996DE /* Supporting Files */,
			);
			path = JLWeicoTests;
			sourceTree = "<group>";
		};
		4076389E18DC4736002996DE /* Supporting Files */ = {
			isa = PBXGroup;
			children = (
				4076389F18DC4736002996DE /* JLWeicoTests-Info.plist */,
				407638A018DC4736002996DE /* InfoPlist.strings */,
			);
			name = "Supporting Files";
			sourceTree = "<group>";
		};
/* End PBXGroup section */

/* Begin PBXNativeTarget section */
		4076387A18DC4736002996DE /* JLWeico */ = {
			isa = PBXNativeTarget;
			buildConfigurationList = 407638A718DC4736002996DE /* Build configuration list for PBXNativeTarget "JLWeico" */;
			buildPhases = (
				4076387718DC4736002996DE /* Sources */,
				4076387818DC4736002996DE /* Frameworks */,
				4076387918DC4736002996DE /* Resources */,
			);
			buildRules = (
			);
			dependencies = (
			);
			name = JLWeico;
			productName = JLWeico;
			productReference = 4076387B18DC4736002996DE /* JLWeico.app */;
			productType = "com.apple.product-type.application";
		};
		4076389518DC4736002996DE /* JLWeicoTests */ = {
			isa = PBXNativeTarget;
			buildConfigurationList = 407638AA18DC4736002996DE /* Build configuration list for PBXNativeTarget "JLWeicoTests" */;
			buildPhases = (
				4076389218DC4736002996DE /* Sources */,
				4076389318DC4736002996DE /* Frameworks */,
				4076389418DC4736002996DE /* Resources */,
			);
			buildRules = (
			);
			dependencies = (
				4076389C18DC4736002996DE /* PBXTargetDependency */,
			);
			name = JLWeicoTests;
			productName = JLWeicoTests;
			productReference = 4076389618DC4736002996DE /* JLWeicoTests.xctest */;
			productType = "com.apple.product-type.bundle.unit-test";
		};
/* End PBXNativeTarget section */

/* Begin PBXProject section */
		4076387318DC4736002996DE /* Project object */ = {
			isa = PBXProject;
			attributes = {
				CLASSPREFIX = JL;
				LastUpgradeCheck = 0510;
				ORGANIZATIONNAME = "Jack Liu";
				TargetAttributes = {
					4076389518DC4736002996DE = {
						TestTargetID = 4076387A18DC4736002996DE;
					};
				};
			};
			buildConfigurationList = 4076387618DC4736002996DE /* Build configuration list for PBXProject "JLWeico" */;
			compatibilityVersion = "Xcode 3.2";
			developmentRegion = English;
			hasScannedForEncodings = 0;
			knownRegions = (
				en,
			);
			mainGroup = 4076387218DC4736002996DE;
			productRefGroup = 4076387C18DC4736002996DE /* Products */;
			projectDirPath = "";
			projectRoot = "";
			targets = (
				4076387A18DC4736002996DE /* JLWeico */,
				4076389518DC4736002996DE /* JLWeicoTests */,
			);
		};
/* End PBXProject section */

/* Begin PBXResourcesBuildPhase section */
		4076387918DC4736002996DE /* Resources */ = {
			isa = PBXResourcesBuildPhase;
			buildActionMask = 2147483647;
			files = (
				4076388918DC4736002996DE /* InfoPlist.strings in Resources */,
				4076389118DC4736002996DE /* Images.xcassets in Resources */,
			);
			runOnlyForDeploymentPostprocessing = 0;
		};
		4076389418DC4736002996DE /* Resources */ = {
			isa = PBXResourcesBuildPhase;
			buildActionMask = 2147483647;
			files = (
				407638A218DC4736002996DE /* InfoPlist.strings in Resources */,
			);
			runOnlyForDeploymentPostprocessing = 0;
		};
/* End PBXResourcesBuildPhase section */

/* Begin PBXSourcesBuildPhase section */
		4076387718DC4736002996DE /* Sources */ = {
			isa = PBXSourcesBuildPhase;
			buildActionMask = 2147483647;
			files = (
				4076388F18DC4736002996DE /* JLAppDelegate.m in Sources */,
				4076388B18DC4736002996DE /* main.m in Sources */,
			);
			runOnlyForDeploymentPostprocessing = 0;
		};
		4076389218DC4736002996DE /* Sources */ = {
			isa = PBXSourcesBuildPhase;
			buildActionMask = 2147483647;
			files = (
				407638A418DC4736002996DE /* JLWeicoTests.m in Sources */,
			);
			runOnlyForDeploymentPostprocessing = 0;
		};
/* End PBXSourcesBuildPhase section */

/* Begin PBXTargetDependency section */
		4076389C18DC4736002996DE /* PBXTargetDependency */ = {
			isa = PBXTargetDependency;
			target = 4076387A18DC4736002996DE /* JLWeico */;
			targetProxy = 4076389B18DC4736002996DE /* PBXContainerItemProxy */;
		};
/* End PBXTargetDependency section */

/* Begin PBXVariantGroup section */
		4076388718DC4736002996DE /* InfoPlist.strings */ = {
			isa = PBXVariantGroup;
			children = (
				4076388818DC4736002996DE /* en */,
			);
			name = InfoPlist.strings;
			sourceTree = "<group>";
		};
		407638A018DC4736002996DE /* InfoPlist.strings */ = {
			isa = PBXVariantGroup;
			children = (
				407638A118DC4736002996DE /* en */,
			);
			name = InfoPlist.strings;
			sourceTree = "<group>";
		};
/* End PBXVariantGroup section */

/* Begin XCBuildConfiguration section */
		407638A518DC4736002996DE /* Debug */ = {
			isa = XCBuildConfiguration;
			buildSettings = {
				ALWAYS_SEARCH_USER_PATHS = NO;
				CLANG_CXX_LANGUAGE_STANDARD = "gnu++0x";
				CLANG_CXX_LIBRARY = "libc++";
				CLANG_ENABLE_MODULES = YES;
				CLANG_ENABLE_OBJC_ARC = YES;
				CLANG_WARN_BOOL_CONVERSION = YES;
				CLANG_WARN_CONSTANT_CONVERSION = YES;
				CLANG_WARN_DIRECT_OBJC_ISA_USAGE = YES_ERROR;
				CLANG_WARN_EMPTY_BODY = YES;
				CLANG_WARN_ENUM_CONVERSION = YES;
				CLANG_WARN_INT_CONVERSION = YES;
				CLANG_WARN_OBJC_ROOT_CLASS = YES_ERROR;
				CLANG_WARN__DUPLICATE_METHOD_MATCH = YES;
				"CODE_SIGN_IDENTITY[sdk=iphoneos*]" = "iPhone Developer";
				COPY_PHASE_STRIP = NO;
				GCC_C_LANGUAGE_STANDARD = gnu99;
				GCC_DYNAMIC_NO_PIC = NO;
				GCC_OPTIMIZATION_LEVEL = 0;
				GCC_PREPROCESSOR_DEFINITIONS = (
					"DEBUG=1",
					"$(inherited)",
				);
				GCC_SYMBOLS_PRIVATE_EXTERN = NO;
				GCC_WARN_64_TO_32_BIT_CONVERSION = YES;
				GCC_WARN_ABOUT_RETURN_TYPE = YES_ERROR;
				GCC_WARN_UNDECLARED_SELECTOR = YES;
				GCC_WARN_UNINITIALIZED_AUTOS = YES_AGGRESSIVE;
				GCC_WARN_UNUSED_FUNCTION = YES;
				GCC_WARN_UNUSED_VARIABLE = YES;
				IPHONEOS_DEPLOYMENT_TARGET = 7.1;
				ONLY_ACTIVE_ARCH = YES;
				SDKROOT = iphoneos;
			};
			name = Debug;
		};
		407638A618DC4736002996DE /* Release */ = {
			isa = XCBuildConfiguration;
			buildSettings = {
				ALWAYS_SEARCH_USER_PATHS = NO;
				CLANG_CXX_LANGUAGE_STANDARD = "gnu++0x";
				CLANG_CXX_LIBRARY = "libc++";
				CLANG_ENABLE_MODULES = YES;
				CLANG_ENABLE_OBJC_ARC = YES;
				CLANG_WARN_BOOL_CONVERSION = YES;
				CLANG_WARN_CONSTANT_CONVERSION = YES;
				CLANG_WARN_DIRECT_OBJC_ISA_USAGE = YES_ERROR;
				CLANG_WARN_EMPTY_BODY = YES;
				CLANG_WARN_ENUM_CONVERSION = YES;
				CLANG_WARN_INT_CONVERSION = YES;
				CLANG_WARN_OBJC_ROOT_CLASS = YES_ERROR;
				CLANG_WARN__DUPLICATE_METHOD_MATCH = YES;
				"CODE_SIGN_IDENTITY[sdk=iphoneos*]" = "iPhone Developer";
				COPY_PHASE_STRIP = YES;
				ENABLE_NS_ASSERTIONS = NO;
				GCC_C_LANGUAGE_STANDARD = gnu99;
				GCC_WARN_64_TO_32_BIT_CONVERSION = YES;
				GCC_WARN_ABOUT_RETURN_TYPE = YES_ERROR;
				GCC_WARN_UNDECLARED_SELECTOR = YES;
				GCC_WARN_UNINITIALIZED_AUTOS = YES_AGGRESSIVE;
				GCC_WARN_UNUSED_FUNCTION = YES;
				GCC_WARN_UNUSED_VARIABLE = YES;
				IPHONEOS_DEPLOYMENT_TARGET = 7.1;
				SDKROOT = iphoneos;
				VALIDATE_PRODUCT = YES;
			};
			name = Release;
		};
		407638A818DC4736002996DE /* Debug */ = {
			isa = XCBuildConfiguration;
			buildSettings = {
				ASSETCATALOG_COMPILER_APPICON_NAME = AppIcon;
				ASSETCATALOG_COMPILER_LAUNCHIMAGE_NAME = LaunchImage;
				GCC_PRECOMPILE_PREFIX_HEADER = YES;
				GCC_PREFIX_HEADER = "JLWeico/JLWeico-Prefix.pch";
				INFOPLIST_FILE = "JLWeico/JLWeico-Info.plist";
				PRODUCT_NAME = "$(TARGET_NAME)";
				WRAPPER_EXTENSION = app;
			};
			name = Debug;
		};
		407638A918DC4736002996DE /* Release */ = {
			isa = XCBuildConfiguration;
			buildSettings = {
				ASSETCATALOG_COMPILER_APPICON_NAME = AppIcon;
				ASSETCATALOG_COMPILER_LAUNCHIMAGE_NAME = LaunchImage;
				GCC_PRECOMPILE_PREFIX_HEADER = YES;
				GCC_PREFIX_HEADER = "JLWeico/JLWeico-Prefix.pch";
				INFOPLIST_FILE = "JLWeico/JLWeico-Info.plist";
				PRODUCT_NAME = "$(TARGET_NAME)";
				WRAPPER_EXTENSION = app;
			};
			name = Release;
		};
		407638AB18DC4736002996DE /* Debug */ = {
			isa = XCBuildConfiguration;
			buildSettings = {
				BUNDLE_LOADER = "$(BUILT_PRODUCTS_DIR)/JLWeico.app/JLWeico";
				FRAMEWORK_SEARCH_PATHS = (
					"$(SDKROOT)/Developer/Library/Frameworks",
					"$(inherited)",
					"$(DEVELOPER_FRAMEWORKS_DIR)",
				);
				GCC_PRECOMPILE_PREFIX_HEADER = YES;
				GCC_PREFIX_HEADER = "JLWeico/JLWeico-Prefix.pch";
				GCC_PREPROCESSOR_DEFINITIONS = (
					"DEBUG=1",
					"$(inherited)",
				);
				INFOPLIST_FILE = "JLWeicoTests/JLWeicoTests-Info.plist";
				PRODUCT_NAME = "$(TARGET_NAME)";
				TEST_HOST = "$(BUNDLE_LOADER)";
				WRAPPER_EXTENSION = xctest;
			};
			name = Debug;
		};
		407638AC18DC4736002996DE /* Release */ = {
			isa = XCBuildConfiguration;
			buildSettings = {
				BUNDLE_LOADER = "$(BUILT_PRODUCTS_DIR)/JLWeico.app/JLWeico";
				FRAMEWORK_SEARCH_PATHS = (
					"$(SDKROOT)/Developer/Library/Frameworks",
					"$(inherited)",
					"$(DEVELOPER_FRAMEWORKS_DIR)",
				);
				GCC_PRECOMPILE_PREFIX_HEADER = YES;
				GCC_PREFIX_HEADER = "JLWeico/JLWeico-Prefix.pch";
				INFOPLIST_FILE = "JLWeicoTests/JLWeicoTests-Info.plist";
				PRODUCT_NAME = "$(TARGET_NAME)";
				TEST_HOST = "$(BUNDLE_LOADER)";
				WRAPPER_EXTENSION = xctest;
			};
			name = Release;
		};
/* End XCBuildConfiguration section */

/* Begin XCConfigurationList section */
		4076387618DC4736002996DE /* Build configuration list for PBXProject "JLWeico" */ = {
			isa = XCConfigurationList;
			buildConfigurations = (
				407638A518DC4736002996DE /* Debug */,
				407638A618DC4736002996DE /* Release */,
			);
			defaultConfigurationIsVisible = 0;
			defaultConfigurationName = Release;
		};
		407638A718DC4736002996DE /* Build configuration list for PBXNativeTarget "JLWeico" */ = {
			isa = XCConfigurationList;
			buildConfigurations = (
				407638A818DC4736002996DE /* Debug */,
				407638A918DC4736002996DE /* Release */,
			);
			defaultConfigurationIsVisible = 0;
		};
		407638AA18DC4736002996DE /* Build configuration list for PBXNativeTarget "JLWeicoTests" */ = {
			isa = XCConfigurationList;
			buildConfigurations = (
				407638AB18DC4736002996DE /* Debug */,
				407638AC18DC4736002996DE /* Release */,
			);
			defaultConfigurationIsVisible = 0;
		};
/* End XCConfigurationList section */
	};
	rootObject = 4076387318DC4736002996DE /* Project object */;
}
